// !$*UTF8*$!
{
	archiveVersion = 1;
	classes = {
	};
	objectVersion = 50;
	objects = {

/* Begin PBXBuildFile section */
		180BD14522EB981E00EB51F5 /* AppDelegate.swift in Sources */ = {isa = PBXBuildFile; fileRef = 180BD14422EB981E00EB51F5 /* AppDelegate.swift */; };
		180BD14722EB981E00EB51F5 /* ViewController.swift in Sources */ = {isa = PBXBuildFile; fileRef = 180BD14622EB981E00EB51F5 /* ViewController.swift */; };
		180BD14A22EB981E00EB51F5 /* Main.storyboard in Resources */ = {isa = PBXBuildFile; fileRef = 180BD14822EB981E00EB51F5 /* Main.storyboard */; };
		180BD14C22EB982000EB51F5 /* Assets.xcassets in Resources */ = {isa = PBXBuildFile; fileRef = 180BD14B22EB982000EB51F5 /* Assets.xcassets */; };
		180BD14F22EB982000EB51F5 /* LaunchScreen.storyboard in Resources */ = {isa = PBXBuildFile; fileRef = 180BD14D22EB982000EB51F5 /* LaunchScreen.storyboard */; };
		180BD15A22EB982000EB51F5 /* SegwayPracticeTests.swift in Sources */ = {isa = PBXBuildFile; fileRef = 180BD15922EB982000EB51F5 /* SegwayPracticeTests.swift */; };
		180BD16522EB982000EB51F5 /* SegwayPracticeUITests.swift in Sources */ = {isa = PBXBuildFile; fileRef = 180BD16422EB982000EB51F5 /* SegwayPracticeUITests.swift */; };
/* End PBXBuildFile section */

/* Begin PBXContainerItemProxy section */
		180BD15622EB982000EB51F5 /* PBXContainerItemProxy */ = {
			isa = PBXContainerItemProxy;
			containerPortal = 180BD13922EB981E00EB51F5 /* Project object */;
			proxyType = 1;
			remoteGlobalIDString = 180BD14022EB981E00EB51F5;
			remoteInfo = SegwayPractice;
		};
		180BD16122EB982000EB51F5 /* PBXContainerItemProxy */ = {
			isa = PBXContainerItemProxy;
			containerPortal = 180BD13922EB981E00EB51F5 /* Project object */;
			proxyType = 1;
			remoteGlobalIDString = 180BD14022EB981E00EB51F5;
			remoteInfo = SegwayPractice;
		};
/* End PBXContainerItemProxy section */

/* Begin PBXFileReference section */
		180BD14122EB981E00EB51F5 /* SegwayPractice.app */ = {isa = PBXFileReference; explicitFileType = wrapper.application; includeInIndex = 0; path = SegwayPractice.app; sourceTree = BUILT_PRODUCTS_DIR; };
		180BD14422EB981E00EB51F5 /* AppDelegate.swift */ = {isa = PBXFileReference; lastKnownFileType = sourcecode.swift; path = AppDelegate.swift; sourceTree = "<group>"; };
		180BD14622EB981E00EB51F5 /* ViewController.swift */ = {isa = PBXFileReference; lastKnownFileType = sourcecode.swift; path = ViewController.swift; sourceTree = "<group>"; };
		180BD14922EB981E00EB51F5 /* Base */ = {isa = PBXFileReference; lastKnownFileType = file.storyboard; name = Base; path = Base.lproj/Main.storyboard; sourceTree = "<group>"; };
		180BD14B22EB982000EB51F5 /* Assets.xcassets */ = {isa = PBXFileReference; lastKnownFileType = folder.assetcatalog; path = Assets.xcassets; sourceTree = "<group>"; };
		180BD14E22EB982000EB51F5 /* Base */ = {isa = PBXFileReference; lastKnownFileType = file.storyboard; name = Base; path = Base.lproj/LaunchScreen.storyboard; sourceTree = "<group>"; };
		180BD15022EB982000EB51F5 /* Info.plist */ = {isa = PBXFileReference; lastKnownFileType = text.plist.xml; path = Info.plist; sourceTree = "<group>"; };
		180BD15522EB982000EB51F5 /* SegwayPracticeTests.xctest */ = {isa = PBXFileReference; explicitFileType = wrapper.cfbundle; includeInIndex = 0; path = SegwayPracticeTests.xctest; sourceTree = BUILT_PRODUCTS_DIR; };
		180BD15922EB982000EB51F5 /* SegwayPracticeTests.swift */ = {isa = PBXFileReference; lastKnownFileType = sourcecode.swift; path = SegwayPracticeTests.swift; sourceTree = "<group>"; };
		180BD15B22EB982000EB51F5 /* Info.plist */ = {isa = PBXFileReference; lastKnownFileType = text.plist.xml; path = Info.plist; sourceTree = "<group>"; };
		180BD16022EB982000EB51F5 /* SegwayPracticeUITests.xctest */ = {isa = PBXFileReference; explicitFileType = wrapper.cfbundle; includeInIndex = 0; path = SegwayPracticeUITests.xctest; sourceTree = BUILT_PRODUCTS_DIR; };
		180BD16422EB982000EB51F5 /* SegwayPracticeUITests.swift */ = {isa = PBXFileReference; lastKnownFileType = sourcecode.swift; path = SegwayPracticeUITests.swift; sourceTree = "<group>"; };
		180BD16622EB982000EB51F5 /* Info.plist */ = {isa = PBXFileReference; lastKnownFileType = text.plist.xml; path = Info.plist; sourceTree = "<group>"; };
/* End PBXFileReference section */

/* Begin PBXFrameworksBuildPhase section */
		180BD13E22EB981E00EB51F5 /* Frameworks */ = {
			isa = PBXFrameworksBuildPhase;
			buildActionMask = 2147483647;
			files = (
			);
			runOnlyForDeploymentPostprocessing = 0;
		};
		180BD15222EB982000EB51F5 /* Frameworks */ = {
			isa = PBXFrameworksBuildPhase;
			buildActionMask = 2147483647;
			files = (
			);
			runOnlyForDeploymentPostprocessing = 0;
		};
		180BD15D22EB982000EB51F5 /* Frameworks */ = {
			isa = PBXFrameworksBuildPhase;
			buildActionMask = 2147483647;
			files = (
			);
			runOnlyForDeploymentPostprocessing = 0;
		};
/* End PBXFrameworksBuildPhase section */

/* Begin PBXGroup section */
		180BD13822EB981E00EB51F5 = {
			isa = PBXGroup;
			children = (
				180BD14322EB981E00EB51F5 /* SegwayPractice */,
				180BD15822EB982000EB51F5 /* SegwayPracticeTests */,
				180BD16322EB982000EB51F5 /* SegwayPracticeUITests */,
				180BD14222EB981E00EB51F5 /* Products */,
			);
			sourceTree = "<group>";
		};
		180BD14222EB981E00EB51F5 /* Products */ = {
			isa = PBXGroup;
			children = (
				180BD14122EB981E00EB51F5 /* SegwayPractice.app */,
				180BD15522EB982000EB51F5 /* SegwayPracticeTests.xctest */,
				180BD16022EB982000EB51F5 /* SegwayPracticeUITests.xctest */,
			);
			name = Products;
			sourceTree = "<group>";
		};
		180BD14322EB981E00EB51F5 /* SegwayPractice */ = {
			isa = PBXGroup;
			children = (
				180BD14422EB981E00EB51F5 /* AppDelegate.swift */,
				180BD14622EB981E00EB51F5 /* ViewController.swift */,
				180BD14822EB981E00EB51F5 /* Main.storyboard */,
				180BD14B22EB982000EB51F5 /* Assets.xcassets */,
				180BD14D22EB982000EB51F5 /* LaunchScreen.storyboard */,
				180BD15022EB982000EB51F5 /* Info.plist */,
			);
			path = SegwayPractice;
			sourceTree = "<group>";
		};
		180BD15822EB982000EB51F5 /* SegwayPracticeTests */ = {
			isa = PBXGroup;
			children = (
				180BD15922EB982000EB51F5 /* SegwayPracticeTests.swift */,
				180BD15B22EB982000EB51F5 /* Info.plist */,
			);
			path = SegwayPracticeTests;
			sourceTree = "<group>";
		};
		180BD16322EB982000EB51F5 /* SegwayPracticeUITests */ = {
			isa = PBXGroup;
			children = (
				180BD16422EB982000EB51F5 /* SegwayPracticeUITests.swift */,
				180BD16622EB982000EB51F5 /* Info.plist */,
			);
			path = SegwayPracticeUITests;
			sourceTree = "<group>";
		};
/* End PBXGroup section */

/* Begin PBXNativeTarget section */
		180BD14022EB981E00EB51F5 /* SegwayPractice */ = {
			isa = PBXNativeTarget;
			buildConfigurationList = 180BD16922EB982000EB51F5 /* Build configuration list for PBXNativeTarget "SegwayPractice" */;
			buildPhases = (
				180BD13D22EB981E00EB51F5 /* Sources */,
				180BD13E22EB981E00EB51F5 /* Frameworks */,
				180BD13F22EB981E00EB51F5 /* Resources */,
			);
			buildRules = (
			);
			dependencies = (
			);
			name = SegwayPractice;
			productName = SegwayPractice;
			productReference = 180BD14122EB981E00EB51F5 /* SegwayPractice.app */;
			productType = "com.apple.product-type.application";
		};
		180BD15422EB982000EB51F5 /* SegwayPracticeTests */ = {
			isa = PBXNativeTarget;
			buildConfigurationList = 180BD16C22EB982000EB51F5 /* Build configuration list for PBXNativeTarget "SegwayPracticeTests" */;
			buildPhases = (
				180BD15122EB982000EB51F5 /* Sources */,
				180BD15222EB982000EB51F5 /* Frameworks */,
				180BD15322EB982000EB51F5 /* Resources */,
			);
			buildRules = (
			);
			dependencies = (
				180BD15722EB982000EB51F5 /* PBXTargetDependency */,
			);
			name = SegwayPracticeTests;
			productName = SegwayPracticeTests;
			productReference = 180BD15522EB982000EB51F5 /* SegwayPracticeTests.xctest */;
			productType = "com.apple.product-type.bundle.unit-test";
		};
		180BD15F22EB982000EB51F5 /* SegwayPracticeUITests */ = {
			isa = PBXNativeTarget;
			buildConfigurationList = 180BD16F22EB982000EB51F5 /* Build configuration list for PBXNativeTarget "SegwayPracticeUITests" */;
			buildPhases = (
				180BD15C22EB982000EB51F5 /* Sources */,
				180BD15D22EB982000EB51F5 /* Frameworks */,
				180BD15E22EB982000EB51F5 /* Resources */,
			);
			buildRules = (
			);
			dependencies = (
				180BD16222EB982000EB51F5 /* PBXTargetDependency */,
			);
			name = SegwayPracticeUITests;
			productName = SegwayPracticeUITests;
			productReference = 180BD16022EB982000EB51F5 /* SegwayPracticeUITests.xctest */;
			productType = "com.apple.product-type.bundle.ui-testing";
		};
/* End PBXNativeTarget section */

/* Begin PBXProject section */
		180BD13922EB981E00EB51F5 /* Project object */ = {
			isa = PBXProject;
			attributes = {
				LastSwiftUpdateCheck = 1020;
				LastUpgradeCheck = 1020;
				ORGANIZATIONNAME = Apple;
				TargetAttributes = {
					180BD14022EB981E00EB51F5 = {
						CreatedOnToolsVersion = 10.2.1;
					};
					180BD15422EB982000EB51F5 = {
						CreatedOnToolsVersion = 10.2.1;
						TestTargetID = 180BD14022EB981E00EB51F5;
					};
					180BD15F22EB982000EB51F5 = {
						CreatedOnToolsVersion = 10.2.1;
						TestTargetID = 180BD14022EB981E00EB51F5;
					};
				};
			};
			buildConfigurationList = 180BD13C22EB981E00EB51F5 /* Build configuration list for PBXProject "SegwayPractice" */;
			compatibilityVersion = "Xcode 9.3";
			developmentRegion = en;
			hasScannedForEncodings = 0;
			knownRegions = (
				en,
				Base,
			);
			mainGroup = 180BD13822EB981E00EB51F5;
			productRefGroup = 180BD14222EB981E00EB51F5 /* Products */;
			projectDirPath = "";
			projectRoot = "";
			targets = (
				180BD14022EB981E00EB51F5 /* SegwayPractice */,
				180BD15422EB982000EB51F5 /* SegwayPracticeTests */,
				180BD15F22EB982000EB51F5 /* SegwayPracticeUITests */,
			);
		};
/* End PBXProject section */

/* Begin PBXResourcesBuildPhase section */
		180BD13F22EB981E00EB51F5 /* Resources */ = {
			isa = PBXResourcesBuildPhase;
			buildActionMask = 2147483647;
			files = (
				180BD14F22EB982000EB51F5 /* LaunchScreen.storyboard in Resources */,
				180BD14C22EB982000EB51F5 /* Assets.xcassets in Resources */,
				180BD14A22EB981E00EB51F5 /* Main.storyboard in Resources */,
			);
			runOnlyForDeploymentPostprocessing = 0;
		};
		180BD15322EB982000EB51F5 /* Resources */ = {
			isa = PBXResourcesBuildPhase;
			buildActionMask = 2147483647;
			files = (
			);
			runOnlyForDeploymentPostprocessing = 0;
		};
		180BD15E22EB982000EB51F5 /* Resources */ = {
			isa = PBXResourcesBuildPhase;
			buildActionMask = 2147483647;
			files = (
			);
			runOnlyForDeploymentPostprocessing = 0;
		};
/* End PBXResourcesBuildPhase section */

/* Begin PBXSourcesBuildPhase section */
		180BD13D22EB981E00EB51F5 /* Sources */ = {
			isa = PBXSourcesBuildPhase;
			buildActionMask = 2147483647;
			files = (
				180BD14722EB981E00EB51F5 /* ViewController.swift in Sources */,
				180BD14522EB981E00EB51F5 /* AppDelegate.swift in Sources */,
			);
			runOnlyForDeploymentPostprocessing = 0;
		};
		180BD15122EB982000EB51F5 /* Sources */ = {
			isa = PBXSourcesBuildPhase;
			buildActionMask = 2147483647;
			files = (
				180BD15A22EB982000EB51F5 /* SegwayPracticeTests.swift in Sources */,
			);
			runOnlyForDeploymentPostprocessing = 0;
		};
		180BD15C22EB982000EB51F5 /* Sources */ = {
			isa = PBXSourcesBuildPhase;
			buildActionMask = 2147483647;
			files = (
				180BD16522EB982000EB51F5 /* SegwayPracticeUITests.swift in Sources */,
			);
			runOnlyForDeploymentPostprocessing = 0;
		};
/* End PBXSourcesBuildPhase section */

/* Begin PBXTargetDependency section */
		180BD15722EB982000EB51F5 /* PBXTargetDependency */ = {
			isa = PBXTargetDependency;
			target = 180BD14022EB981E00EB51F5 /* SegwayPractice */;
			targetProxy = 180BD15622EB982000EB51F5 /* PBXContainerItemProxy */;
		};
		180BD16222EB982000EB51F5 /* PBXTargetDependency */ = {
			isa = PBXTargetDependency;
			target = 180BD14022EB981E00EB51F5 /* SegwayPractice */;
			targetProxy = 180BD16122EB982000EB51F5 /* PBXContainerItemProxy */;
		};
/* End PBXTargetDependency section */

/* Begin PBXVariantGroup section */
		180BD14822EB981E00EB51F5 /* Main.storyboard */ = {
			isa = PBXVariantGroup;
			children = (
				180BD14922EB981E00EB51F5 /* Base */,
			);
			name = Main.storyboard;
			sourceTree = "<group>";
		};
		180BD14D22EB982000EB51F5 /* LaunchScreen.storyboard */ = {
			isa = PBXVariantGroup;
			children = (
				180BD14E22EB982000EB51F5 /* Base */,
			);
			name = LaunchScreen.storyboard;
			sourceTree = "<group>";
		};
/* End PBXVariantGroup section */

/* Begin XCBuildConfiguration section */
		180BD16722EB982000EB51F5 /* Debug */ = {
			isa = XCBuildConfiguration;
			buildSettings = {
				ALWAYS_SEARCH_USER_PATHS = NO;
				CLANG_ANALYZER_NONNULL = YES;
				CLANG_ANALYZER_NUMBER_OBJECT_CONVERSION = YES_AGGRESSIVE;
				CLANG_CXX_LANGUAGE_STANDARD = "gnu++14";
				CLANG_CXX_LIBRARY = "libc++";
				CLANG_ENABLE_MODULES = YES;
				CLANG_ENABLE_OBJC_ARC = YES;
				CLANG_ENABLE_OBJC_WEAK = YES;
				CLANG_WARN_BLOCK_CAPTURE_AUTORELEASING = YES;
				CLANG_WARN_BOOL_CONVERSION = YES;
				CLANG_WARN_COMMA = YES;
				CLANG_WARN_CONSTANT_CONVERSION = YES;
				CLANG_WARN_DEPRECATED_OBJC_IMPLEMENTATIONS = YES;
				CLANG_WARN_DIRECT_OBJC_ISA_USAGE = YES_ERROR;
				CLANG_WARN_DOCUMENTATION_COMMENTS = YES;
				CLANG_WARN_EMPTY_BODY = YES;
				CLANG_WARN_ENUM_CONVERSION = YES;
				CLANG_WARN_INFINITE_RECURSION = YES;
				CLANG_WARN_INT_CONVERSION = YES;
				CLANG_WARN_NON_LITERAL_NULL_CONVERSION = YES;
				CLANG_WARN_OBJC_IMPLICIT_RETAIN_SELF = YES;
				CLANG_WARN_OBJC_LITERAL_CONVERSION = YES;
				CLANG_WARN_OBJC_ROOT_CLASS = YES_ERROR;
				CLANG_WARN_RANGE_LOOP_ANALYSIS = YES;
				CLANG_WARN_STRICT_PROTOTYPES = YES;
				CLANG_WARN_SUSPICIOUS_MOVE = YES;
				CLANG_WARN_UNGUARDED_AVAILABILITY = YES_AGGRESSIVE;
				CLANG_WARN_UNREACHABLE_CODE = YES;
				CLANG_WARN__DUPLICATE_METHOD_MATCH = YES;
				CODE_SIGN_IDENTITY = "iPhone Developer";
				COPY_PHASE_STRIP = NO;
				DEBUG_INFORMATION_FORMAT = dwarf;
				ENABLE_STRICT_OBJC_MSGSEND = YES;
				ENABLE_TESTABILITY = YES;
				GCC_C_LANGUAGE_STANDARD = gnu11;
				GCC_DYNAMIC_NO_PIC = NO;
				GCC_NO_COMMON_BLOCKS = YES;
				GCC_OPTIMIZATION_LEVEL = 0;
				GCC_PREPROCESSOR_DEFINITIONS = (
					"DEBUG=1",
					"$(inherited)",
				);
				GCC_WARN_64_TO_32_BIT_CONVERSION = YES;
				GCC_WARN_ABOUT_RETURN_TYPE = YES_ERROR;
				GCC_WARN_UNDECLARED_SELECTOR = YES;
				GCC_WARN_UNINITIALIZED_AUTOS = YES_AGGRESSIVE;
				GCC_WARN_UNUSED_FUNCTION = YES;
				GCC_WARN_UNUSED_VARIABLE = YES;
				IPHONEOS_DEPLOYMENT_TARGET = 12.2;
				MTL_ENABLE_DEBUG_INFO = INCLUDE_SOURCE;
				MTL_FAST_MATH = YES;
				ONLY_ACTIVE_ARCH = YES;
				SDKROOT = iphoneos;
				SWIFT_ACTIVE_COMPILATION_CONDITIONS = DEBUG;
				SWIFT_OPTIMIZATION_LEVEL = "-Onone";
			};
			name = Debug;
		};
		180BD16822EB982000EB51F5 /* Release */ = {
			isa = XCBuildConfiguration;
			buildSettings = {
				ALWAYS_SEARCH_USER_PATHS = NO;
				CLANG_ANALYZER_NONNULL = YES;
				CLANG_ANALYZER_NUMBER_OBJECT_CONVERSION = YES_AGGRESSIVE;
				CLANG_CXX_LANGUAGE_STANDARD = "gnu++14";
				CLANG_CXX_LIBRARY = "libc++";
				CLANG_ENABLE_MODULES = YES;
				CLANG_ENABLE_OBJC_ARC = YES;
				CLANG_ENABLE_OBJC_WEAK = YES;
				CLANG_WARN_BLOCK_CAPTURE_AUTORELEASING = YES;
				CLANG_WARN_BOOL_CONVERSION = YES;
				CLANG_WARN_COMMA = YES;
				CLANG_WARN_CONSTANT_CONVERSION = YES;
				CLANG_WARN_DEPRECATED_OBJC_IMPLEMENTATIONS = YES;
				CLANG_WARN_DIRECT_OBJC_ISA_USAGE = YES_ERROR;
				CLANG_WARN_DOCUMENTATION_COMMENTS = YES;
				CLANG_WARN_EMPTY_BODY = YES;
				CLANG_WARN_ENUM_CONVERSION = YES;
				CLANG_WARN_INFINITE_RECURSION = YES;
				CLANG_WARN_INT_CONVERSION = YES;
				CLANG_WARN_NON_LITERAL_NULL_CONVERSION = YES;
				CLANG_WARN_OBJC_IMPLICIT_RETAIN_SELF = YES;
				CLANG_WARN_OBJC_LITERAL_CONVERSION = YES;
				CLANG_WARN_OBJC_ROOT_CLASS = YES_ERROR;
				CLANG_WARN_RANGE_LOOP_ANALYSIS = YES;
				CLANG_WARN_STRICT_PROTOTYPES = YES;
				CLANG_WARN_SUSPICIOUS_MOVE = YES;
				CLANG_WARN_UNGUARDED_AVAILABILITY = YES_AGGRESSIVE;
				CLANG_WARN_UNREACHABLE_CODE = YES;
				CLANG_WARN__DUPLICATE_METHOD_MATCH = YES;
				CODE_SIGN_IDENTITY = "iPhone Developer";
				COPY_PHASE_STRIP = NO;
				DEBUG_INFORMATION_FORMAT = "dwarf-with-dsym";
				ENABLE_NS_ASSERTIONS = NO;
				ENABLE_STRICT_OBJC_MSGSEND = YES;
				GCC_C_LANGUAGE_STANDARD = gnu11;
				GCC_NO_COMMON_BLOCKS = YES;
				GCC_WARN_64_TO_32_BIT_CONVERSION = YES;
				GCC_WARN_ABOUT_RETURN_TYPE = YES_ERROR;
				GCC_WARN_UNDECLARED_SELECTOR = YES;
				GCC_WARN_UNINITIALIZED_AUTOS = YES_AGGRESSIVE;
				GCC_WARN_UNUSED_FUNCTION = YES;
				GCC_WARN_UNUSED_VARIABLE = YES;
				IPHONEOS_DEPLOYMENT_TARGET = 12.2;
				MTL_ENABLE_DEBUG_INFO = NO;
				MTL_FAST_MATH = YES;
				SDKROOT = iphoneos;
				SWIFT_COMPILATION_MODE = wholemodule;
				SWIFT_OPTIMIZATION_LEVEL = "-O";
				VALIDATE_PRODUCT = YES;
			};
			name = Release;
		};
		180BD16A22EB982000EB51F5 /* Debug */ = {
			isa = XCBuildConfiguration;
			buildSettings = {
				ASSETCATALOG_COMPILER_APPICON_NAME = AppIcon;
				CODE_SIGN_STYLE = Automatic;
				INFOPLIST_FILE = SegwayPractice/Info.plist;
				LD_RUNPATH_SEARCH_PATHS = (
					"$(inherited)",
					"@executable_path/Frameworks",
				);
				PRODUCT_BUNDLE_IDENTIFIER = "Day-5.SegwayPractice";
				PRODUCT_NAME = "$(TARGET_NAME)";
				SWIFT_VERSION = 5.0;
				TARGETED_DEVICE_FAMILY = "1,2";
			};
			name = Debug;
		};
		180BD16B22EB982000EB51F5 /* Release */ = {
			isa = XCBuildConfiguration;
			buildSettings = {
				ASSETCATALOG_COMPILER_APPICON_NAME = AppIcon;
				CODE_SIGN_STYLE = Automatic;
				INFOPLIST_FILE = SegwayPractice/Info.plist;
				LD_RUNPATH_SEARCH_PATHS = (
					"$(inherited)",
					"@executable_path/Frameworks",
				);
				PRODUCT_BUNDLE_IDENTIFIER = "Day-5.SegwayPractice";
				PRODUCT_NAME = "$(TARGET_NAME)";
				SWIFT_VERSION = 5.0;
				TARGETED_DEVICE_FAMILY = "1,2";
			};
			name = Release;
		};
		180BD16D22EB982000EB51F5 /* Debug */ = {
			isa = XCBuildConfiguration;
			buildSettings = {
				ALWAYS_EMBED_SWIFT_STANDARD_LIBRARIES = YES;
				BUNDLE_LOADER = "$(TEST_HOST)";
				CODE_SIGN_STYLE = Automatic;
				INFOPLIST_FILE = SegwayPracticeTests/Info.plist;
				LD_RUNPATH_SEARCH_PATHS = (
					"$(inherited)",
					"@executable_path/Frameworks",
					"@loader_path/Frameworks",
				);
				PRODUCT_BUNDLE_IDENTIFIER = "Day-5.SegwayPracticeTests";
				PRODUCT_NAME = "$(TARGET_NAME)";
				SWIFT_VERSION = 5.0;
				TARGETED_DEVICE_FAMILY = "1,2";
				TEST_HOST = "$(BUILT_PRODUCTS_DIR)/SegwayPractice.app/SegwayPractice";
			};
			name = Debug;
		};
		180BD16E22EB982000EB51F5 /* Release */ = {
			isa = XCBuildConfiguration;
			buildSettings = {
				ALWAYS_EMBED_SWIFT_STANDARD_LIBRARIES = YES;
				BUNDLE_LOADER = "$(TEST_HOST)";
				CODE_SIGN_STYLE = Automatic;
				INFOPLIST_FILE = SegwayPracticeTests/Info.plist;
				LD_RUNPATH_SEARCH_PATHS = (
					"$(inherited)",
					"@executable_path/Frameworks",
					"@loader_path/Frameworks",
				);
				PRODUCT_BUNDLE_IDENTIFIER = "Day-5.SegwayPracticeTests";
				PRODUCT_NAME = "$(TARGET_NAME)";
				SWIFT_VERSION = 5.0;
				TARGETED_DEVICE_FAMILY = "1,2";
				TEST_HOST = "$(BUILT_PRODUCTS_DIR)/SegwayPractice.app/SegwayPractice";
			};
			name = Release;
		};
		180BD17022EB982000EB51F5 /* Debug */ = {
			isa = XCBuildConfiguration;
			buildSettings = {
				ALWAYS_EMBED_SWIFT_STANDARD_LIBRARIES = YES;
				CODE_SIGN_STYLE = Automatic;
				INFOPLIST_FILE = SegwayPracticeUITests/Info.plist;
				LD_RUNPATH_SEARCH_PATHS = (
					"$(inherited)",
					"@executable_path/Frameworks",
					"@loader_path/Frameworks",
				);
				PRODUCT_BUNDLE_IDENTIFIER = "Day-5.SegwayPracticeUITests";
				PRODUCT_NAME = "$(TARGET_NAME)";
				SWIFT_VERSION = 5.0;
				TARGETED_DEVICE_FAMILY = "1,2";
				TEST_TARGET_NAME = SegwayPractice;
			};
			name = Debug;
		};
		180BD17122EB982000EB51F5 /* Release */ = {
			isa = XCBuildConfiguration;
			buildSettings = {
				ALWAYS_EMBED_SWIFT_STANDARD_LIBRARIES = YES;
				CODE_SIGN_STYLE = Automatic;
				INFOPLIST_FILE = SegwayPracticeUITests/Info.plist;
				LD_RUNPATH_SEARCH_PATHS = (
					"$(inherited)",
					"@executable_path/Frameworks",
					"@loader_path/Frameworks",
				);
				PRODUCT_BUNDLE_IDENTIFIER = "Day-5.SegwayPracticeUITests";
				PRODUCT_NAME = "$(TARGET_NAME)";
				SWIFT_VERSION = 5.0;
				TARGETED_DEVICE_FAMILY = "1,2";
				TEST_TARGET_NAME = SegwayPractice;
			};
			name = Release;
		};
/* End XCBuildConfiguration section */

/* Begin XCConfigurationList section */
		180BD13C22EB981E00EB51F5 /* Build configuration list for PBXProject "SegwayPractice" */ = {
			isa = XCConfigurationList;
			buildConfigurations = (
				180BD16722EB982000EB51F5 /* Debug */,
				180BD16822EB982000EB51F5 /* Release */,
			);
			defaultConfigurationIsVisible = 0;
			defaultConfigurationName = Release;
		};
		180BD16922EB982000EB51F5 /* Build configuration list for PBXNativeTarget "SegwayPractice" */ = {
			isa = XCConfigurationList;
			buildConfigurations = (
				180BD16A22EB982000EB51F5 /* Debug */,
				180BD16B22EB982000EB51F5 /* Release */,
			);
			defaultConfigurationIsVisible = 0;
			defaultConfigurationName = Release;
		};
		180BD16C22EB982000EB51F5 /* Build configuration list for PBXNativeTarget "SegwayPracticeTests" */ = {
			isa = XCConfigurationList;
			buildConfigurations = (
				180BD16D22EB982000EB51F5 /* Debug */,
				180BD16E22EB982000EB51F5 /* Release */,
			);
			defaultConfigurationIsVisible = 0;
			defaultConfigurationName = Release;
		};
		180BD16F22EB982000EB51F5 /* Build configuration list for PBXNativeTarget "SegwayPracticeUITests" */ = {
			isa = XCConfigurationList;
			buildConfigurations = (
				180BD17022EB982000EB51F5 /* Debug */,
				180BD17122EB982000EB51F5 /* Release */,
			);
			defaultConfigurationIsVisible = 0;
			defaultConfigurationName = Release;
		};
/* End XCConfigurationList section */
	};
	rootObject = 180BD13922EB981E00EB51F5 /* Project object */;
}
