// !$*UTF8*$!
{
	archiveVersion = 1;
	classes = {
	};
	objectVersion = 50;
	objects = {

/* Begin PBXBuildFile section */
		180BD10922EB6E3D00EB51F5 /* AppDelegate.swift in Sources */ = {isa = PBXBuildFile; fileRef = 180BD10822EB6E3D00EB51F5 /* AppDelegate.swift */; };
		180BD10E22EB6E3D00EB51F5 /* Main.storyboard in Resources */ = {isa = PBXBuildFile; fileRef = 180BD10C22EB6E3D00EB51F5 /* Main.storyboard */; };
		180BD11022EB6E3E00EB51F5 /* Assets.xcassets in Resources */ = {isa = PBXBuildFile; fileRef = 180BD10F22EB6E3E00EB51F5 /* Assets.xcassets */; };
		180BD11322EB6E3E00EB51F5 /* LaunchScreen.storyboard in Resources */ = {isa = PBXBuildFile; fileRef = 180BD11122EB6E3E00EB51F5 /* LaunchScreen.storyboard */; };
		180BD11E22EB6E3E00EB51F5 /* TablePracticeTests.swift in Sources */ = {isa = PBXBuildFile; fileRef = 180BD11D22EB6E3E00EB51F5 /* TablePracticeTests.swift */; };
		180BD12922EB6E3E00EB51F5 /* TablePracticeUITests.swift in Sources */ = {isa = PBXBuildFile; fileRef = 180BD12822EB6E3E00EB51F5 /* TablePracticeUITests.swift */; };
		180BD13722EB70E800EB51F5 /* ChocolateTableViewController.swift in Sources */ = {isa = PBXBuildFile; fileRef = 180BD13622EB70E800EB51F5 /* ChocolateTableViewController.swift */; };
/* End PBXBuildFile section */

/* Begin PBXContainerItemProxy section */
		180BD11A22EB6E3E00EB51F5 /* PBXContainerItemProxy */ = {
			isa = PBXContainerItemProxy;
			containerPortal = 180BD0FD22EB6E3C00EB51F5 /* Project object */;
			proxyType = 1;
			remoteGlobalIDString = 180BD10422EB6E3D00EB51F5;
			remoteInfo = TablePractice;
		};
		180BD12522EB6E3E00EB51F5 /* PBXContainerItemProxy */ = {
			isa = PBXContainerItemProxy;
			containerPortal = 180BD0FD22EB6E3C00EB51F5 /* Project object */;
			proxyType = 1;
			remoteGlobalIDString = 180BD10422EB6E3D00EB51F5;
			remoteInfo = TablePractice;
		};
/* End PBXContainerItemProxy section */

/* Begin PBXFileReference section */
		180BD10522EB6E3D00EB51F5 /* TablePractice.app */ = {isa = PBXFileReference; explicitFileType = wrapper.application; includeInIndex = 0; path = TablePractice.app; sourceTree = BUILT_PRODUCTS_DIR; };
		180BD10822EB6E3D00EB51F5 /* AppDelegate.swift */ = {isa = PBXFileReference; lastKnownFileType = sourcecode.swift; path = AppDelegate.swift; sourceTree = "<group>"; };
		180BD10D22EB6E3D00EB51F5 /* Base */ = {isa = PBXFileReference; lastKnownFileType = file.storyboard; name = Base; path = Base.lproj/Main.storyboard; sourceTree = "<group>"; };
		180BD10F22EB6E3E00EB51F5 /* Assets.xcassets */ = {isa = PBXFileReference; lastKnownFileType = folder.assetcatalog; path = Assets.xcassets; sourceTree = "<group>"; };
		180BD11222EB6E3E00EB51F5 /* Base */ = {isa = PBXFileReference; lastKnownFileType = file.storyboard; name = Base; path = Base.lproj/LaunchScreen.storyboard; sourceTree = "<group>"; };
		180BD11422EB6E3E00EB51F5 /* Info.plist */ = {isa = PBXFileReference; lastKnownFileType = text.plist.xml; path = Info.plist; sourceTree = "<group>"; };
		180BD11922EB6E3E00EB51F5 /* TablePracticeTests.xctest */ = {isa = PBXFileReference; explicitFileType = wrapper.cfbundle; includeInIndex = 0; path = TablePracticeTests.xctest; sourceTree = BUILT_PRODUCTS_DIR; };
		180BD11D22EB6E3E00EB51F5 /* TablePracticeTests.swift */ = {isa = PBXFileReference; lastKnownFileType = sourcecode.swift; path = TablePracticeTests.swift; sourceTree = "<group>"; };
		180BD11F22EB6E3E00EB51F5 /* Info.plist */ = {isa = PBXFileReference; lastKnownFileType = text.plist.xml; path = Info.plist; sourceTree = "<group>"; };
		180BD12422EB6E3E00EB51F5 /* TablePracticeUITests.xctest */ = {isa = PBXFileReference; explicitFileType = wrapper.cfbundle; includeInIndex = 0; path = TablePracticeUITests.xctest; sourceTree = BUILT_PRODUCTS_DIR; };
		180BD12822EB6E3E00EB51F5 /* TablePracticeUITests.swift */ = {isa = PBXFileReference; lastKnownFileType = sourcecode.swift; path = TablePracticeUITests.swift; sourceTree = "<group>"; };
		180BD12A22EB6E3E00EB51F5 /* Info.plist */ = {isa = PBXFileReference; lastKnownFileType = text.plist.xml; path = Info.plist; sourceTree = "<group>"; };
		180BD13622EB70E800EB51F5 /* ChocolateTableViewController.swift */ = {isa = PBXFileReference; lastKnownFileType = sourcecode.swift; path = ChocolateTableViewController.swift; sourceTree = "<group>"; };
/* End PBXFileReference section */

/* Begin PBXFrameworksBuildPhase section */
		180BD10222EB6E3D00EB51F5 /* Frameworks */ = {
			isa = PBXFrameworksBuildPhase;
			buildActionMask = 2147483647;
			files = (
			);
			runOnlyForDeploymentPostprocessing = 0;
		};
		180BD11622EB6E3E00EB51F5 /* Frameworks */ = {
			isa = PBXFrameworksBuildPhase;
			buildActionMask = 2147483647;
			files = (
			);
			runOnlyForDeploymentPostprocessing = 0;
		};
		180BD12122EB6E3E00EB51F5 /* Frameworks */ = {
			isa = PBXFrameworksBuildPhase;
			buildActionMask = 2147483647;
			files = (
			);
			runOnlyForDeploymentPostprocessing = 0;
		};
/* End PBXFrameworksBuildPhase section */

/* Begin PBXGroup section */
		180BD0FC22EB6E3C00EB51F5 = {
			isa = PBXGroup;
			children = (
				180BD10722EB6E3D00EB51F5 /* TablePractice */,
				180BD11C22EB6E3E00EB51F5 /* TablePracticeTests */,
				180BD12722EB6E3E00EB51F5 /* TablePracticeUITests */,
				180BD10622EB6E3D00EB51F5 /* Products */,
			);
			sourceTree = "<group>";
		};
		180BD10622EB6E3D00EB51F5 /* Products */ = {
			isa = PBXGroup;
			children = (
				180BD10522EB6E3D00EB51F5 /* TablePractice.app */,
				180BD11922EB6E3E00EB51F5 /* TablePracticeTests.xctest */,
				180BD12422EB6E3E00EB51F5 /* TablePracticeUITests.xctest */,
			);
			name = Products;
			sourceTree = "<group>";
		};
		180BD10722EB6E3D00EB51F5 /* TablePractice */ = {
			isa = PBXGroup;
			children = (
				180BD10822EB6E3D00EB51F5 /* AppDelegate.swift */,
				180BD10C22EB6E3D00EB51F5 /* Main.storyboard */,
				180BD10F22EB6E3E00EB51F5 /* Assets.xcassets */,
				180BD11122EB6E3E00EB51F5 /* LaunchScreen.storyboard */,
				180BD11422EB6E3E00EB51F5 /* Info.plist */,
				180BD13622EB70E800EB51F5 /* ChocolateTableViewController.swift */,
			);
			path = TablePractice;
			sourceTree = "<group>";
		};
		180BD11C22EB6E3E00EB51F5 /* TablePracticeTests */ = {
			isa = PBXGroup;
			children = (
				180BD11D22EB6E3E00EB51F5 /* TablePracticeTests.swift */,
				180BD11F22EB6E3E00EB51F5 /* Info.plist */,
			);
			path = TablePracticeTests;
			sourceTree = "<group>";
		};
		180BD12722EB6E3E00EB51F5 /* TablePracticeUITests */ = {
			isa = PBXGroup;
			children = (
				180BD12822EB6E3E00EB51F5 /* TablePracticeUITests.swift */,
				180BD12A22EB6E3E00EB51F5 /* Info.plist */,
			);
			path = TablePracticeUITests;
			sourceTree = "<group>";
		};
/* End PBXGroup section */

/* Begin PBXNativeTarget section */
		180BD10422EB6E3D00EB51F5 /* TablePractice */ = {
			isa = PBXNativeTarget;
			buildConfigurationList = 180BD12D22EB6E3E00EB51F5 /* Build configuration list for PBXNativeTarget "TablePractice" */;
			buildPhases = (
				180BD10122EB6E3D00EB51F5 /* Sources */,
				180BD10222EB6E3D00EB51F5 /* Frameworks */,
				180BD10322EB6E3D00EB51F5 /* Resources */,
			);
			buildRules = (
			);
			dependencies = (
			);
			name = TablePractice;
			productName = TablePractice;
			productReference = 180BD10522EB6E3D00EB51F5 /* TablePractice.app */;
			productType = "com.apple.product-type.application";
		};
		180BD11822EB6E3E00EB51F5 /* TablePracticeTests */ = {
			isa = PBXNativeTarget;
			buildConfigurationList = 180BD13022EB6E3E00EB51F5 /* Build configuration list for PBXNativeTarget "TablePracticeTests" */;
			buildPhases = (
				180BD11522EB6E3E00EB51F5 /* Sources */,
				180BD11622EB6E3E00EB51F5 /* Frameworks */,
				180BD11722EB6E3E00EB51F5 /* Resources */,
			);
			buildRules = (
			);
			dependencies = (
				180BD11B22EB6E3E00EB51F5 /* PBXTargetDependency */,
			);
			name = TablePracticeTests;
			productName = TablePracticeTests;
			productReference = 180BD11922EB6E3E00EB51F5 /* TablePracticeTests.xctest */;
			productType = "com.apple.product-type.bundle.unit-test";
		};
		180BD12322EB6E3E00EB51F5 /* TablePracticeUITests */ = {
			isa = PBXNativeTarget;
			buildConfigurationList = 180BD13322EB6E3E00EB51F5 /* Build configuration list for PBXNativeTarget "TablePracticeUITests" */;
			buildPhases = (
				180BD12022EB6E3E00EB51F5 /* Sources */,
				180BD12122EB6E3E00EB51F5 /* Frameworks */,
				180BD12222EB6E3E00EB51F5 /* Resources */,
			);
			buildRules = (
			);
			dependencies = (
				180BD12622EB6E3E00EB51F5 /* PBXTargetDependency */,
			);
			name = TablePracticeUITests;
			productName = TablePracticeUITests;
			productReference = 180BD12422EB6E3E00EB51F5 /* TablePracticeUITests.xctest */;
			productType = "com.apple.product-type.bundle.ui-testing";
		};
/* End PBXNativeTarget section */

/* Begin PBXProject section */
		180BD0FD22EB6E3C00EB51F5 /* Project object */ = {
			isa = PBXProject;
			attributes = {
				LastSwiftUpdateCheck = 1020;
				LastUpgradeCheck = 1020;
				ORGANIZATIONNAME = Apple;
				TargetAttributes = {
					180BD10422EB6E3D00EB51F5 = {
						CreatedOnToolsVersion = 10.2.1;
					};
					180BD11822EB6E3E00EB51F5 = {
						CreatedOnToolsVersion = 10.2.1;
						TestTargetID = 180BD10422EB6E3D00EB51F5;
					};
					180BD12322EB6E3E00EB51F5 = {
						CreatedOnToolsVersion = 10.2.1;
						TestTargetID = 180BD10422EB6E3D00EB51F5;
					};
				};
			};
			buildConfigurationList = 180BD10022EB6E3C00EB51F5 /* Build configuration list for PBXProject "TablePractice" */;
			compatibilityVersion = "Xcode 9.3";
			developmentRegion = en;
			hasScannedForEncodings = 0;
			knownRegions = (
				en,
				Base,
			);
			mainGroup = 180BD0FC22EB6E3C00EB51F5;
			productRefGroup = 180BD10622EB6E3D00EB51F5 /* Products */;
			projectDirPath = "";
			projectRoot = "";
			targets = (
				180BD10422EB6E3D00EB51F5 /* TablePractice */,
				180BD11822EB6E3E00EB51F5 /* TablePracticeTests */,
				180BD12322EB6E3E00EB51F5 /* TablePracticeUITests */,
			);
		};
/* End PBXProject section */

/* Begin PBXResourcesBuildPhase section */
		180BD10322EB6E3D00EB51F5 /* Resources */ = {
			isa = PBXResourcesBuildPhase;
			buildActionMask = 2147483647;
			files = (
				180BD11322EB6E3E00EB51F5 /* LaunchScreen.storyboard in Resources */,
				180BD11022EB6E3E00EB51F5 /* Assets.xcassets in Resources */,
				180BD10E22EB6E3D00EB51F5 /* Main.storyboard in Resources */,
			);
			runOnlyForDeploymentPostprocessing = 0;
		};
		180BD11722EB6E3E00EB51F5 /* Resources */ = {
			isa = PBXResourcesBuildPhase;
			buildActionMask = 2147483647;
			files = (
			);
			runOnlyForDeploymentPostprocessing = 0;
		};
		180BD12222EB6E3E00EB51F5 /* Resources */ = {
			isa = PBXResourcesBuildPhase;
			buildActionMask = 2147483647;
			files = (
			);
			runOnlyForDeploymentPostprocessing = 0;
		};
/* End PBXResourcesBuildPhase section */

/* Begin PBXSourcesBuildPhase section */
		180BD10122EB6E3D00EB51F5 /* Sources */ = {
			isa = PBXSourcesBuildPhase;
			buildActionMask = 2147483647;
			files = (
				180BD13722EB70E800EB51F5 /* ChocolateTableViewController.swift in Sources */,
				180BD10922EB6E3D00EB51F5 /* AppDelegate.swift in Sources */,
			);
			runOnlyForDeploymentPostprocessing = 0;
		};
		180BD11522EB6E3E00EB51F5 /* Sources */ = {
			isa = PBXSourcesBuildPhase;
			buildActionMask = 2147483647;
			files = (
				180BD11E22EB6E3E00EB51F5 /* TablePracticeTests.swift in Sources */,
			);
			runOnlyForDeploymentPostprocessing = 0;
		};
		180BD12022EB6E3E00EB51F5 /* Sources */ = {
			isa = PBXSourcesBuildPhase;
			buildActionMask = 2147483647;
			files = (
				180BD12922EB6E3E00EB51F5 /* TablePracticeUITests.swift in Sources */,
			);
			runOnlyForDeploymentPostprocessing = 0;
		};
/* End PBXSourcesBuildPhase section */

/* Begin PBXTargetDependency section */
		180BD11B22EB6E3E00EB51F5 /* PBXTargetDependency */ = {
			isa = PBXTargetDependency;
			target = 180BD10422EB6E3D00EB51F5 /* TablePractice */;
			targetProxy = 180BD11A22EB6E3E00EB51F5 /* PBXContainerItemProxy */;
		};
		180BD12622EB6E3E00EB51F5 /* PBXTargetDependency */ = {
			isa = PBXTargetDependency;
			target = 180BD10422EB6E3D00EB51F5 /* TablePractice */;
			targetProxy = 180BD12522EB6E3E00EB51F5 /* PBXContainerItemProxy */;
		};
/* End PBXTargetDependency section */

/* Begin PBXVariantGroup section */
		180BD10C22EB6E3D00EB51F5 /* Main.storyboard */ = {
			isa = PBXVariantGroup;
			children = (
				180BD10D22EB6E3D00EB51F5 /* Base */,
			);
			name = Main.storyboard;
			sourceTree = "<group>";
		};
		180BD11122EB6E3E00EB51F5 /* LaunchScreen.storyboard */ = {
			isa = PBXVariantGroup;
			children = (
				180BD11222EB6E3E00EB51F5 /* Base */,
			);
			name = LaunchScreen.storyboard;
			sourceTree = "<group>";
		};
/* End PBXVariantGroup section */

/* Begin XCBuildConfiguration section */
		180BD12B22EB6E3E00EB51F5 /* Debug */ = {
			isa = XCBuildConfiguration;
			buildSettings = {
				ALWAYS_SEARCH_USER_PATHS = NO;
				CLANG_ANALYZER_NONNULL = YES;
				CLANG_ANALYZER_NUMBER_OBJECT_CONVERSION = YES_AGGRESSIVE;
				CLANG_CXX_LANGUAGE_STANDARD = "gnu++14";
				CLANG_CXX_LIBRARY = "libc++";
				CLANG_ENABLE_MODULES = YES;
				CLANG_ENABLE_OBJC_ARC = YES;
				CLANG_ENABLE_OBJC_WEAK = YES;
				CLANG_WARN_BLOCK_CAPTURE_AUTORELEASING = YES;
				CLANG_WARN_BOOL_CONVERSION = YES;
				CLANG_WARN_COMMA = YES;
				CLANG_WARN_CONSTANT_CONVERSION = YES;
				CLANG_WARN_DEPRECATED_OBJC_IMPLEMENTATIONS = YES;
				CLANG_WARN_DIRECT_OBJC_ISA_USAGE = YES_ERROR;
				CLANG_WARN_DOCUMENTATION_COMMENTS = YES;
				CLANG_WARN_EMPTY_BODY = YES;
				CLANG_WARN_ENUM_CONVERSION = YES;
				CLANG_WARN_INFINITE_RECURSION = YES;
				CLANG_WARN_INT_CONVERSION = YES;
				CLANG_WARN_NON_LITERAL_NULL_CONVERSION = YES;
				CLANG_WARN_OBJC_IMPLICIT_RETAIN_SELF = YES;
				CLANG_WARN_OBJC_LITERAL_CONVERSION = YES;
				CLANG_WARN_OBJC_ROOT_CLASS = YES_ERROR;
				CLANG_WARN_RANGE_LOOP_ANALYSIS = YES;
				CLANG_WARN_STRICT_PROTOTYPES = YES;
				CLANG_WARN_SUSPICIOUS_MOVE = YES;
				CLANG_WARN_UNGUARDED_AVAILABILITY = YES_AGGRESSIVE;
				CLANG_WARN_UNREACHABLE_CODE = YES;
				CLANG_WARN__DUPLICATE_METHOD_MATCH = YES;
				CODE_SIGN_IDENTITY = "iPhone Developer";
				COPY_PHASE_STRIP = NO;
				DEBUG_INFORMATION_FORMAT = dwarf;
				ENABLE_STRICT_OBJC_MSGSEND = YES;
				ENABLE_TESTABILITY = YES;
				GCC_C_LANGUAGE_STANDARD = gnu11;
				GCC_DYNAMIC_NO_PIC = NO;
				GCC_NO_COMMON_BLOCKS = YES;
				GCC_OPTIMIZATION_LEVEL = 0;
				GCC_PREPROCESSOR_DEFINITIONS = (
					"DEBUG=1",
					"$(inherited)",
				);
				GCC_WARN_64_TO_32_BIT_CONVERSION = YES;
				GCC_WARN_ABOUT_RETURN_TYPE = YES_ERROR;
				GCC_WARN_UNDECLARED_SELECTOR = YES;
				GCC_WARN_UNINITIALIZED_AUTOS = YES_AGGRESSIVE;
				GCC_WARN_UNUSED_FUNCTION = YES;
				GCC_WARN_UNUSED_VARIABLE = YES;
				IPHONEOS_DEPLOYMENT_TARGET = 12.2;
				MTL_ENABLE_DEBUG_INFO = INCLUDE_SOURCE;
				MTL_FAST_MATH = YES;
				ONLY_ACTIVE_ARCH = YES;
				SDKROOT = iphoneos;
				SWIFT_ACTIVE_COMPILATION_CONDITIONS = DEBUG;
				SWIFT_OPTIMIZATION_LEVEL = "-Onone";
			};
			name = Debug;
		};
		180BD12C22EB6E3E00EB51F5 /* Release */ = {
			isa = XCBuildConfiguration;
			buildSettings = {
				ALWAYS_SEARCH_USER_PATHS = NO;
				CLANG_ANALYZER_NONNULL = YES;
				CLANG_ANALYZER_NUMBER_OBJECT_CONVERSION = YES_AGGRESSIVE;
				CLANG_CXX_LANGUAGE_STANDARD = "gnu++14";
				CLANG_CXX_LIBRARY = "libc++";
				CLANG_ENABLE_MODULES = YES;
				CLANG_ENABLE_OBJC_ARC = YES;
				CLANG_ENABLE_OBJC_WEAK = YES;
				CLANG_WARN_BLOCK_CAPTURE_AUTORELEASING = YES;
				CLANG_WARN_BOOL_CONVERSION = YES;
				CLANG_WARN_COMMA = YES;
				CLANG_WARN_CONSTANT_CONVERSION = YES;
				CLANG_WARN_DEPRECATED_OBJC_IMPLEMENTATIONS = YES;
				CLANG_WARN_DIRECT_OBJC_ISA_USAGE = YES_ERROR;
				CLANG_WARN_DOCUMENTATION_COMMENTS = YES;
				CLANG_WARN_EMPTY_BODY = YES;
				CLANG_WARN_ENUM_CONVERSION = YES;
				CLANG_WARN_INFINITE_RECURSION = YES;
				CLANG_WARN_INT_CONVERSION = YES;
				CLANG_WARN_NON_LITERAL_NULL_CONVERSION = YES;
				CLANG_WARN_OBJC_IMPLICIT_RETAIN_SELF = YES;
				CLANG_WARN_OBJC_LITERAL_CONVERSION = YES;
				CLANG_WARN_OBJC_ROOT_CLASS = YES_ERROR;
				CLANG_WARN_RANGE_LOOP_ANALYSIS = YES;
				CLANG_WARN_STRICT_PROTOTYPES = YES;
				CLANG_WARN_SUSPICIOUS_MOVE = YES;
				CLANG_WARN_UNGUARDED_AVAILABILITY = YES_AGGRESSIVE;
				CLANG_WARN_UNREACHABLE_CODE = YES;
				CLANG_WARN__DUPLICATE_METHOD_MATCH = YES;
				CODE_SIGN_IDENTITY = "iPhone Developer";
				COPY_PHASE_STRIP = NO;
				DEBUG_INFORMATION_FORMAT = "dwarf-with-dsym";
				ENABLE_NS_ASSERTIONS = NO;
				ENABLE_STRICT_OBJC_MSGSEND = YES;
				GCC_C_LANGUAGE_STANDARD = gnu11;
				GCC_NO_COMMON_BLOCKS = YES;
				GCC_WARN_64_TO_32_BIT_CONVERSION = YES;
				GCC_WARN_ABOUT_RETURN_TYPE = YES_ERROR;
				GCC_WARN_UNDECLARED_SELECTOR = YES;
				GCC_WARN_UNINITIALIZED_AUTOS = YES_AGGRESSIVE;
				GCC_WARN_UNUSED_FUNCTION = YES;
				GCC_WARN_UNUSED_VARIABLE = YES;
				IPHONEOS_DEPLOYMENT_TARGET = 12.2;
				MTL_ENABLE_DEBUG_INFO = NO;
				MTL_FAST_MATH = YES;
				SDKROOT = iphoneos;
				SWIFT_COMPILATION_MODE = wholemodule;
				SWIFT_OPTIMIZATION_LEVEL = "-O";
				VALIDATE_PRODUCT = YES;
			};
			name = Release;
		};
		180BD12E22EB6E3E00EB51F5 /* Debug */ = {
			isa = XCBuildConfiguration;
			buildSettings = {
				ASSETCATALOG_COMPILER_APPICON_NAME = AppIcon;
				CODE_SIGN_STYLE = Automatic;
				INFOPLIST_FILE = TablePractice/Info.plist;
				LD_RUNPATH_SEARCH_PATHS = (
					"$(inherited)",
					"@executable_path/Frameworks",
				);
				PRODUCT_BUNDLE_IDENTIFIER = "Day-5.TablePractice";
				PRODUCT_NAME = "$(TARGET_NAME)";
				SWIFT_VERSION = 5.0;
				TARGETED_DEVICE_FAMILY = "1,2";
			};
			name = Debug;
		};
		180BD12F22EB6E3E00EB51F5 /* Release */ = {
			isa = XCBuildConfiguration;
			buildSettings = {
				ASSETCATALOG_COMPILER_APPICON_NAME = AppIcon;
				CODE_SIGN_STYLE = Automatic;
				INFOPLIST_FILE = TablePractice/Info.plist;
				LD_RUNPATH_SEARCH_PATHS = (
					"$(inherited)",
					"@executable_path/Frameworks",
				);
				PRODUCT_BUNDLE_IDENTIFIER = "Day-5.TablePractice";
				PRODUCT_NAME = "$(TARGET_NAME)";
				SWIFT_VERSION = 5.0;
				TARGETED_DEVICE_FAMILY = "1,2";
			};
			name = Release;
		};
		180BD13122EB6E3E00EB51F5 /* Debug */ = {
			isa = XCBuildConfiguration;
			buildSettings = {
				ALWAYS_EMBED_SWIFT_STANDARD_LIBRARIES = YES;
				BUNDLE_LOADER = "$(TEST_HOST)";
				CODE_SIGN_STYLE = Automatic;
				INFOPLIST_FILE = TablePracticeTests/Info.plist;
				LD_RUNPATH_SEARCH_PATHS = (
					"$(inherited)",
					"@executable_path/Frameworks",
					"@loader_path/Frameworks",
				);
				PRODUCT_BUNDLE_IDENTIFIER = "Day-5.TablePracticeTests";
				PRODUCT_NAME = "$(TARGET_NAME)";
				SWIFT_VERSION = 5.0;
				TARGETED_DEVICE_FAMILY = "1,2";
				TEST_HOST = "$(BUILT_PRODUCTS_DIR)/TablePractice.app/TablePractice";
			};
			name = Debug;
		};
		180BD13222EB6E3E00EB51F5 /* Release */ = {
			isa = XCBuildConfiguration;
			buildSettings = {
				ALWAYS_EMBED_SWIFT_STANDARD_LIBRARIES = YES;
				BUNDLE_LOADER = "$(TEST_HOST)";
				CODE_SIGN_STYLE = Automatic;
				INFOPLIST_FILE = TablePracticeTests/Info.plist;
				LD_RUNPATH_SEARCH_PATHS = (
					"$(inherited)",
					"@executable_path/Frameworks",
					"@loader_path/Frameworks",
				);
				PRODUCT_BUNDLE_IDENTIFIER = "Day-5.TablePracticeTests";
				PRODUCT_NAME = "$(TARGET_NAME)";
				SWIFT_VERSION = 5.0;
				TARGETED_DEVICE_FAMILY = "1,2";
				TEST_HOST = "$(BUILT_PRODUCTS_DIR)/TablePractice.app/TablePractice";
			};
			name = Release;
		};
		180BD13422EB6E3E00EB51F5 /* Debug */ = {
			isa = XCBuildConfiguration;
			buildSettings = {
				ALWAYS_EMBED_SWIFT_STANDARD_LIBRARIES = YES;
				CODE_SIGN_STYLE = Automatic;
				INFOPLIST_FILE = TablePracticeUITests/Info.plist;
				LD_RUNPATH_SEARCH_PATHS = (
					"$(inherited)",
					"@executable_path/Frameworks",
					"@loader_path/Frameworks",
				);
				PRODUCT_BUNDLE_IDENTIFIER = "Day-5.TablePracticeUITests";
				PRODUCT_NAME = "$(TARGET_NAME)";
				SWIFT_VERSION = 5.0;
				TARGETED_DEVICE_FAMILY = "1,2";
				TEST_TARGET_NAME = TablePractice;
			};
			name = Debug;
		};
		180BD13522EB6E3E00EB51F5 /* Release */ = {
			isa = XCBuildConfiguration;
			buildSettings = {
				ALWAYS_EMBED_SWIFT_STANDARD_LIBRARIES = YES;
				CODE_SIGN_STYLE = Automatic;
				INFOPLIST_FILE = TablePracticeUITests/Info.plist;
				LD_RUNPATH_SEARCH_PATHS = (
					"$(inherited)",
					"@executable_path/Frameworks",
					"@loader_path/Frameworks",
				);
				PRODUCT_BUNDLE_IDENTIFIER = "Day-5.TablePracticeUITests";
				PRODUCT_NAME = "$(TARGET_NAME)";
				SWIFT_VERSION = 5.0;
				TARGETED_DEVICE_FAMILY = "1,2";
				TEST_TARGET_NAME = TablePractice;
			};
			name = Release;
		};
/* End XCBuildConfiguration section */

/* Begin XCConfigurationList section */
		180BD10022EB6E3C00EB51F5 /* Build configuration list for PBXProject "TablePractice" */ = {
			isa = XCConfigurationList;
			buildConfigurations = (
				180BD12B22EB6E3E00EB51F5 /* Debug */,
				180BD12C22EB6E3E00EB51F5 /* Release */,
			);
			defaultConfigurationIsVisible = 0;
			defaultConfigurationName = Release;
		};
		180BD12D22EB6E3E00EB51F5 /* Build configuration list for PBXNativeTarget "TablePractice" */ = {
			isa = XCConfigurationList;
			buildConfigurations = (
				180BD12E22EB6E3E00EB51F5 /* Debug */,
				180BD12F22EB6E3E00EB51F5 /* Release */,
			);
			defaultConfigurationIsVisible = 0;
			defaultConfigurationName = Release;
		};
		180BD13022EB6E3E00EB51F5 /* Build configuration list for PBXNativeTarget "TablePracticeTests" */ = {
			isa = XCConfigurationList;
			buildConfigurations = (
				180BD13122EB6E3E00EB51F5 /* Debug */,
				180BD13222EB6E3E00EB51F5 /* Release */,
			);
			defaultConfigurationIsVisible = 0;
			defaultConfigurationName = Release;
		};
		180BD13322EB6E3E00EB51F5 /* Build configuration list for PBXNativeTarget "TablePracticeUITests" */ = {
			isa = XCConfigurationList;
			buildConfigurations = (
				180BD13422EB6E3E00EB51F5 /* Debug */,
				180BD13522EB6E3E00EB51F5 /* Release */,
			);
			defaultConfigurationIsVisible = 0;
			defaultConfigurationName = Release;
		};
/* End XCConfigurationList section */
	};
	rootObject = 180BD0FD22EB6E3C00EB51F5 /* Project object */;
}
